
Microsoft Visual Studio Solution File, Format Version 12.00
# Visual Studio Version 17
VisualStudioVersion = 17.5.33502.453
MinimumVisualStudioVersion = 10.0.40219.1
Project("{FAE04EC0-301F-11D3-BF4B-00C04F79EFBC}") = "ProjetoErp", "ProjetoErp\ProjetoErp.csproj", "{756E42C9-E7FA-4714-B525-0C82856AEF04}"
EndProject
Global
	GlobalSection(SolutionConfigurationPlatforms) = preSolution
		Debug|Any CPU = Debug|Any CPU
		Release|Any CPU = Release|Any CPU
	EndGlobalSection
	GlobalSection(ProjectConfigurationPlatforms) = postSolution
		{756E42C9-E7FA-4714-B525-0C82856AEF04}.Debug|Any CPU.ActiveCfg = Debug|Any CPU
		{756E42C9-E7FA-4714-B525-0C82856AEF04}.Debug|Any CPU.Build.0 = Debug|Any CPU
		{756E42C9-E7FA-4714-B525-0C82856AEF04}.Release|Any CPU.ActiveCfg = Release|Any CPU
		{756E42C9-E7FA-4714-B525-0C82856AEF04}.Release|Any CPU.Build.0 = Release|Any CPU
	EndGlobalSection
	GlobalSection(SolutionProperties) = preSolution
		HideSolutionNode = FALSE
	EndGlobalSection
	GlobalSection(ExtensibilityGlobals) = postSolution
		SolutionGuid = {3B9AE86D-7D51-41AE-B5A7-FC8662F54989}
	EndGlobalSection
EndGlobal
